
Microsoft Visual Studio Solution File, Format Version 12.00
# Visual Studio Version 17
VisualStudioVersion = 17.11.35219.272
MinimumVisualStudioVersion = 10.0.40219.1
Project("{FAE04EC0-301F-11D3-BF4B-00C04F79EFBC}") = "LicenseTrackServer", "LicenseTrackServer\LicenseTrackServer.csproj", "{9BD03064-3270-4D79-B251-457510B4C994}"
EndProject
Global
	GlobalSection(SolutionConfigurationPlatforms) = preSolution
		Debug|Any CPU = Debug|Any CPU
		Release|Any CPU = Release|Any CPU
	EndGlobalSection
	GlobalSection(ProjectConfigurationPlatforms) = postSolution
		{9BD03064-3270-4D79-B251-457510B4C994}.Debug|Any CPU.ActiveCfg = Debug|Any CPU
		{9BD03064-3270-4D79-B251-457510B4C994}.Debug|Any CPU.Build.0 = Debug|Any CPU
		{9BD03064-3270-4D79-B251-457510B4C994}.Release|Any CPU.ActiveCfg = Release|Any CPU
		{9BD03064-3270-4D79-B251-457510B4C994}.Release|Any CPU.Build.0 = Release|Any CPU
	EndGlobalSection
	GlobalSection(SolutionProperties) = preSolution
		HideSolutionNode = FALSE
	EndGlobalSection
	GlobalSection(ExtensibilityGlobals) = postSolution
		SolutionGuid = {A00D0270-11BF-4994-ADE7-F65CA7A282E7}
	EndGlobalSection
EndGlobal
